
Microsoft Visual Studio Solution File, Format Version 12.00
# Visual Studio Version 16
VisualStudioVersion = 16.0.29519.87
MinimumVisualStudioVersion = 10.0.40219.1
Project("{9A19103F-16F7-4668-BE54-9A1E7A4F7556}") = "RTLang.Tests", "RTLang.Tests\RTLang.Tests.csproj", "{5E2AD568-3CB3-49AE-ABF9-BEEAB6CEABC6}"
EndProject
Project("{9A19103F-16F7-4668-BE54-9A1E7A4F7556}") = "RTLang", "RTLang\RTLang.csproj", "{BEFA5372-9BA0-4029-8F69-F9DF7E7EBCF2}"
EndProject
Project("{9A19103F-16F7-4668-BE54-9A1E7A4F7556}") = "RTScript", "RTScript\RTScript.csproj", "{0E399B4E-5DE3-4E35-8D87-7B79FAC63389}"
EndProject
Global
	GlobalSection(SolutionConfigurationPlatforms) = preSolution
		Debug|Any CPU = Debug|Any CPU
		Release|Any CPU = Release|Any CPU
	EndGlobalSection
	GlobalSection(ProjectConfigurationPlatforms) = postSolution
		{5E2AD568-3CB3-49AE-ABF9-BEEAB6CEABC6}.Debug|Any CPU.ActiveCfg = Debug|Any CPU
		{5E2AD568-3CB3-49AE-ABF9-BEEAB6CEABC6}.Debug|Any CPU.Build.0 = Debug|Any CPU
		{5E2AD568-3CB3-49AE-ABF9-BEEAB6CEABC6}.Release|Any CPU.ActiveCfg = Release|Any CPU
		{5E2AD568-3CB3-49AE-ABF9-BEEAB6CEABC6}.Release|Any CPU.Build.0 = Release|Any CPU
		{BEFA5372-9BA0-4029-8F69-F9DF7E7EBCF2}.Debug|Any CPU.ActiveCfg = Debug|Any CPU
		{BEFA5372-9BA0-4029-8F69-F9DF7E7EBCF2}.Debug|Any CPU.Build.0 = Debug|Any CPU
		{BEFA5372-9BA0-4029-8F69-F9DF7E7EBCF2}.Release|Any CPU.ActiveCfg = Release|Any CPU
		{BEFA5372-9BA0-4029-8F69-F9DF7E7EBCF2}.Release|Any CPU.Build.0 = Release|Any CPU
		{0E399B4E-5DE3-4E35-8D87-7B79FAC63389}.Debug|Any CPU.ActiveCfg = Debug|Any CPU
		{0E399B4E-5DE3-4E35-8D87-7B79FAC63389}.Debug|Any CPU.Build.0 = Debug|Any CPU
		{0E399B4E-5DE3-4E35-8D87-7B79FAC63389}.Release|Any CPU.ActiveCfg = Release|Any CPU
		{0E399B4E-5DE3-4E35-8D87-7B79FAC63389}.Release|Any CPU.Build.0 = Release|Any CPU
	EndGlobalSection
	GlobalSection(SolutionProperties) = preSolution
		HideSolutionNode = FALSE
	EndGlobalSection
	GlobalSection(ExtensibilityGlobals) = postSolution
		SolutionGuid = {E1323E1D-8467-4E98-BB9B-CBC22A0FA20F}
	EndGlobalSection
EndGlobal
